
Microsoft Visual Studio Solution File, Format Version 12.00
# Visual Studio 15
VisualStudioVersion = 15.0.28010.2003
MinimumVisualStudioVersion = 10.0.40219.1
Project("{FAE04EC0-301F-11D3-BF4B-00C04F79EFBC}") = "Entidades", "Entidades\Entidades.csproj", "{274032B8-C998-48F0-91E9-50D81F1052AE}"
EndProject
Project("{FAE04EC0-301F-11D3-BF4B-00C04F79EFBC}") = "MiCalculadora", "MiCalculadora\MiCalculadora.csproj", "{863FD5B9-CD37-494E-9946-08E783E48B2A}"
EndProject
Global
	GlobalSection(SolutionConfigurationPlatforms) = preSolution
		Debug|Any CPU = Debug|Any CPU
		Release|Any CPU = Release|Any CPU
	EndGlobalSection
	GlobalSection(ProjectConfigurationPlatforms) = postSolution
		{274032B8-C998-48F0-91E9-50D81F1052AE}.Debug|Any CPU.ActiveCfg = Debug|Any CPU
		{274032B8-C998-48F0-91E9-50D81F1052AE}.Debug|Any CPU.Build.0 = Debug|Any CPU
		{274032B8-C998-48F0-91E9-50D81F1052AE}.Release|Any CPU.ActiveCfg = Release|Any CPU
		{274032B8-C998-48F0-91E9-50D81F1052AE}.Release|Any CPU.Build.0 = Release|Any CPU
		{863FD5B9-CD37-494E-9946-08E783E48B2A}.Debug|Any CPU.ActiveCfg = Debug|Any CPU
		{863FD5B9-CD37-494E-9946-08E783E48B2A}.Debug|Any CPU.Build.0 = Debug|Any CPU
		{863FD5B9-CD37-494E-9946-08E783E48B2A}.Release|Any CPU.ActiveCfg = Release|Any CPU
		{863FD5B9-CD37-494E-9946-08E783E48B2A}.Release|Any CPU.Build.0 = Release|Any CPU
	EndGlobalSection
	GlobalSection(SolutionProperties) = preSolution
		HideSolutionNode = FALSE
	EndGlobalSection
	GlobalSection(ExtensibilityGlobals) = postSolution
		SolutionGuid = {54F5D880-1192-41A1-AD2C-B185B557E355}
	EndGlobalSection
EndGlobal
